
Microsoft Visual Studio Solution File, Format Version 12.00
# Visual Studio Version 17
VisualStudioVersion = 17.9.34728.123
MinimumVisualStudioVersion = 10.0.40219.1
Project("{FAE04EC0-301F-11D3-BF4B-00C04F79EFBC}") = "ListaDinamica", "ListaDinamica\ListaDinamica.csproj", "{27C038F0-5341-43F9-8A5F-7E4CF82730C1}"
EndProject
Global
	GlobalSection(SolutionConfigurationPlatforms) = preSolution
		Debug|Any CPU = Debug|Any CPU
		Release|Any CPU = Release|Any CPU
	EndGlobalSection
	GlobalSection(ProjectConfigurationPlatforms) = postSolution
		{27C038F0-5341-43F9-8A5F-7E4CF82730C1}.Debug|Any CPU.ActiveCfg = Debug|Any CPU
		{27C038F0-5341-43F9-8A5F-7E4CF82730C1}.Debug|Any CPU.Build.0 = Debug|Any CPU
		{27C038F0-5341-43F9-8A5F-7E4CF82730C1}.Release|Any CPU.ActiveCfg = Release|Any CPU
		{27C038F0-5341-43F9-8A5F-7E4CF82730C1}.Release|Any CPU.Build.0 = Release|Any CPU
	EndGlobalSection
	GlobalSection(SolutionProperties) = preSolution
		HideSolutionNode = FALSE
	EndGlobalSection
	GlobalSection(ExtensibilityGlobals) = postSolution
		SolutionGuid = {78BB54D0-CD49-437B-93D0-6F716F1AC08C}
	EndGlobalSection
EndGlobal
